// !$*UTF8*$!
{
	archiveVersion = 1;
	classes = {
	};
	objectVersion = 46;
	objects = {

/* Begin PBXBuildFile section */
		B514AA931BB05DDA00F46551 /* CPPViewController.swift in Sources */ = {isa = PBXBuildFile; fileRef = B514AA921BB05DDA00F46551 /* CPPViewController.swift */; };
		B514AA981BB0606700F46551 /* CPPFile.cpp in Sources */ = {isa = PBXBuildFile; fileRef = B514AA961BB0606700F46551 /* CPPFile.cpp */; };
		B514AA9D1BB0656F00F46551 /* ObjCToCPP.mm in Sources */ = {isa = PBXBuildFile; fileRef = B514AA9C1BB0656F00F46551 /* ObjCToCPP.mm */; };
		B53B15A61BB4412600CD862D /* libDoStuff.a in Frameworks */ = {isa = PBXBuildFile; fileRef = B53B15A11BB4409700CD862D /* libDoStuff.a */; };
		B5664E431BA32DFD00D3FA1C /* GraphingViewController.swift in Sources */ = {isa = PBXBuildFile; fileRef = B5664E421BA32DFD00D3FA1C /* GraphingViewController.swift */; };
		B57397871BA6D562008AA9E8 /* GraphView.swift in Sources */ = {isa = PBXBuildFile; fileRef = B57397861BA6D562008AA9E8 /* GraphView.swift */; };
		B5772FFC1BB2950600C03E11 /* AnimationViewController.swift in Sources */ = {isa = PBXBuildFile; fileRef = B5772FFB1BB2950600C03E11 /* AnimationViewController.swift */; };
		B5772FFF1BB2A36200C03E11 /* DropView.swift in Sources */ = {isa = PBXBuildFile; fileRef = B5772FFE1BB2A36200C03E11 /* DropView.swift */; };
		B57730011BB2A4EA00C03E11 /* DropBehavior.swift in Sources */ = {isa = PBXBuildFile; fileRef = B57730001BB2A4EA00C03E11 /* DropBehavior.swift */; };
		B57730031BB2A8CF00C03E11 /* Settings.bundle in Resources */ = {isa = PBXBuildFile; fileRef = B57730021BB2A8CF00C03E11 /* Settings.bundle */; };
		B57DDDFB1BA9AE1100CC691C /* LogViewController.swift in Sources */ = {isa = PBXBuildFile; fileRef = B57DDDFA1BA9AE1100CC691C /* LogViewController.swift */; };
		B57DDE001BA9BF4A00CC691C /* UserLogModel.swift in Sources */ = {isa = PBXBuildFile; fileRef = B57DDDFF1BA9BF4A00CC691C /* UserLogModel.swift */; };
		B57DDE021BA9CDE600CC691C /* TestUserLogModel.swift in Sources */ = {isa = PBXBuildFile; fileRef = B57DDE011BA9CDE600CC691C /* TestUserLogModel.swift */; };
		B57DDE031BA9D13D00CC691C /* UserLogModel.swift in Sources */ = {isa = PBXBuildFile; fileRef = B57DDDFF1BA9BF4A00CC691C /* UserLogModel.swift */; };
		B58646FD1BB3EB0E0071DBCD /* WebViewController.swift in Sources */ = {isa = PBXBuildFile; fileRef = B58646FC1BB3EB0E0071DBCD /* WebViewController.swift */; };
		B58CD9031B9F38E700AE9D90 /* AppDelegate.swift in Sources */ = {isa = PBXBuildFile; fileRef = B58CD9021B9F38E700AE9D90 /* AppDelegate.swift */; };
		B58CD9051B9F38E700AE9D90 /* MainViewController.swift in Sources */ = {isa = PBXBuildFile; fileRef = B58CD9041B9F38E700AE9D90 /* MainViewController.swift */; };
		B58CD9081B9F38E700AE9D90 /* Main.storyboard in Resources */ = {isa = PBXBuildFile; fileRef = B58CD9061B9F38E700AE9D90 /* Main.storyboard */; };
		B58CD90A1B9F38E700AE9D90 /* Images.xcassets in Resources */ = {isa = PBXBuildFile; fileRef = B58CD9091B9F38E700AE9D90 /* Images.xcassets */; };
		B58CD90D1B9F38E700AE9D90 /* LaunchScreen.xib in Resources */ = {isa = PBXBuildFile; fileRef = B58CD90B1B9F38E700AE9D90 /* LaunchScreen.xib */; };
		B58CD9221B9F3B9E00AE9D90 /* Main.storyboard in Resources */ = {isa = PBXBuildFile; fileRef = B58CD9061B9F38E700AE9D90 /* Main.storyboard */; };
		B58CD9231B9F3BA200AE9D90 /* MainViewController.swift in Sources */ = {isa = PBXBuildFile; fileRef = B58CD9041B9F38E700AE9D90 /* MainViewController.swift */; };
		B58CD9251B9F3F4700AE9D90 /* MusicViewController.swift in Sources */ = {isa = PBXBuildFile; fileRef = B58CD9241B9F3F4700AE9D90 /* MusicViewController.swift */; };
		B58CD9261B9F3F4700AE9D90 /* MusicViewController.swift in Sources */ = {isa = PBXBuildFile; fileRef = B58CD9241B9F3F4700AE9D90 /* MusicViewController.swift */; };
		B58CD9281B9F42C900AE9D90 /* PinkFluffyUnicornsMusic.mp3 in Resources */ = {isa = PBXBuildFile; fileRef = B58CD9271B9F42C900AE9D90 /* PinkFluffyUnicornsMusic.mp3 */; };
		B58CD9291B9F42C900AE9D90 /* PinkFluffyUnicornsMusic.mp3 in Resources */ = {isa = PBXBuildFile; fileRef = B58CD9271B9F42C900AE9D90 /* PinkFluffyUnicornsMusic.mp3 */; };
		B5A7ED631BA962580083C9FE /* GraphLineChartViewContainer.swift in Sources */ = {isa = PBXBuildFile; fileRef = B5A7ED621BA962580083C9FE /* GraphLineChartViewContainer.swift */; };
		B5A8894D1BB01BFB00255188 /* UserLoggedViewController.swift in Sources */ = {isa = PBXBuildFile; fileRef = B5A8894C1BB01BFA00255188 /* UserLoggedViewController.swift */; };
		B5B8367D1BA1C9540052C04D /* 5min.mp3 in Resources */ = {isa = PBXBuildFile; fileRef = B5B8367C1BA1C9540052C04D /* 5min.mp3 */; };
		B5BE596F1BA6C65C002AE353 /* PushButtonView.swift in Sources */ = {isa = PBXBuildFile; fileRef = B5BE596E1BA6C65C002AE353 /* PushButtonView.swift */; };
		B5BE59711BA6CE20002AE353 /* GraphingModel.swift in Sources */ = {isa = PBXBuildFile; fileRef = B5BE59701BA6CE20002AE353 /* GraphingModel.swift */; };
		B5CE6BAF1BA8448500D527D8 /* Charts.framework in Frameworks */ = {isa = PBXBuildFile; fileRef = B5CE6BAE1BA8445500D527D8 /* Charts.framework */; };
		B5CE6BB01BA8448500D527D8 /* Charts.framework in Embed Frameworks */ = {isa = PBXBuildFile; fileRef = B5CE6BAE1BA8445500D527D8 /* Charts.framework */; settings = {ATTRIBUTES = (CodeSignOnCopy, RemoveHeadersOnCopy, ); }; };
		B5D8D68F1BA09BAA0033CC07 /* CelineDion.mp3 in Resources */ = {isa = PBXBuildFile; fileRef = B5D8D68E1BA09BAA0033CC07 /* CelineDion.mp3 */; };
		B5D8D6911BA09BD30033CC07 /* MarcheImperiale.mp3 in Resources */ = {isa = PBXBuildFile; fileRef = B5D8D6901BA09BD30033CC07 /* MarcheImperiale.mp3 */; };
		B5D8D6931BA09C6A0033CC07 /* NyanCat.mp3 in Resources */ = {isa = PBXBuildFile; fileRef = B5D8D6921BA09C6A0033CC07 /* NyanCat.mp3 */; };
		B5D8D6951BA09D260033CC07 /* KingLouisSong.mp3 in Resources */ = {isa = PBXBuildFile; fileRef = B5D8D6941BA09D260033CC07 /* KingLouisSong.mp3 */; };
		B5D8D6971BA09DD30033CC07 /* DeGaulle.mp3 in Resources */ = {isa = PBXBuildFile; fileRef = B5D8D6961BA09DD30033CC07 /* DeGaulle.mp3 */; };
		B5D9B98A1BA85EE300DB37BC /* GraphLineChartView.swift in Sources */ = {isa = PBXBuildFile; fileRef = B5D9B9891BA85EE300DB37BC /* GraphLineChartView.swift */; };
/* End PBXBuildFile section */

/* Begin PBXContainerItemProxy section */
		B53B15A01BB4409700CD862D /* PBXContainerItemProxy */ = {
			isa = PBXContainerItemProxy;
			containerPortal = B53B159B1BB4409700CD862D /* DoStuff.xcodeproj */;
			proxyType = 2;
			remoteGlobalIDString = B53B157B1BB435FC00CD862D;
			remoteInfo = DoStuff;
		};
		B53B15A41BB4410B00CD862D /* PBXContainerItemProxy */ = {
			isa = PBXContainerItemProxy;
			containerPortal = B53B159B1BB4409700CD862D /* DoStuff.xcodeproj */;
			proxyType = 1;
			remoteGlobalIDString = B53B157A1BB435FC00CD862D;
			remoteInfo = DoStuff;
		};
		B58CD9131B9F38E700AE9D90 /* PBXContainerItemProxy */ = {
			isa = PBXContainerItemProxy;
			containerPortal = B58CD8F51B9F38E700AE9D90 /* Project object */;
			proxyType = 1;
			remoteGlobalIDString = B58CD8FC1B9F38E700AE9D90;
			remoteInfo = FirstApp;
		};
		B5CE6BAD1BA8445500D527D8 /* PBXContainerItemProxy */ = {
			isa = PBXContainerItemProxy;
			containerPortal = B5CE6BA91BA8445500D527D8 /* Charts.xcodeproj */;
			proxyType = 2;
			remoteGlobalIDString = 5BA8EC401A9D14DC00CE82E1;
			remoteInfo = Charts;
		};
		B5CE6BB11BA8448500D527D8 /* PBXContainerItemProxy */ = {
			isa = PBXContainerItemProxy;
			containerPortal = B5CE6BA91BA8445500D527D8 /* Charts.xcodeproj */;
			proxyType = 1;
			remoteGlobalIDString = 5BA8EC3F1A9D14DC00CE82E1;
			remoteInfo = Charts;
		};
/* End PBXContainerItemProxy section */

/* Begin PBXCopyFilesBuildPhase section */
		B5CE6BB31BA8448500D527D8 /* Embed Frameworks */ = {
			isa = PBXCopyFilesBuildPhase;
			buildActionMask = 2147483647;
			dstPath = "";
			dstSubfolderSpec = 10;
			files = (
				B5CE6BB01BA8448500D527D8 /* Charts.framework in Embed Frameworks */,
			);
			name = "Embed Frameworks";
			runOnlyForDeploymentPostprocessing = 0;
		};
/* End PBXCopyFilesBuildPhase section */

/* Begin PBXFileReference section */
		B514AA921BB05DDA00F46551 /* CPPViewController.swift */ = {isa = PBXFileReference; fileEncoding = 4; lastKnownFileType = sourcecode.swift; name = CPPViewController.swift; path = ../CPPViewController.swift; sourceTree = "<group>"; };
		B514AA951BB0606700F46551 /* FirstApp-Bridging-Header.h */ = {isa = PBXFileReference; lastKnownFileType = sourcecode.c.h; path = "FirstApp-Bridging-Header.h"; sourceTree = "<group>"; };
		B514AA961BB0606700F46551 /* CPPFile.cpp */ = {isa = PBXFileReference; fileEncoding = 4; lastKnownFileType = sourcecode.cpp.cpp; path = CPPFile.cpp; sourceTree = "<group>"; };
		B514AA971BB0606700F46551 /* CPPFile.h */ = {isa = PBXFileReference; fileEncoding = 4; lastKnownFileType = sourcecode.c.h; path = CPPFile.h; sourceTree = "<group>"; };
		B514AA9B1BB0612900F46551 /* ObjCToCPP.h */ = {isa = PBXFileReference; lastKnownFileType = sourcecode.c.h; path = ObjCToCPP.h; sourceTree = "<group>"; };
		B514AA9C1BB0656F00F46551 /* ObjCToCPP.mm */ = {isa = PBXFileReference; fileEncoding = 4; lastKnownFileType = sourcecode.cpp.objcpp; path = ObjCToCPP.mm; sourceTree = "<group>"; };
		B53B159B1BB4409700CD862D /* DoStuff.xcodeproj */ = {isa = PBXFileReference; lastKnownFileType = "wrapper.pb-project"; name = DoStuff.xcodeproj; path = ../DoStuff/DoStuff/DoStuff.xcodeproj; sourceTree = "<group>"; };
		B5664E421BA32DFD00D3FA1C /* GraphingViewController.swift */ = {isa = PBXFileReference; fileEncoding = 4; lastKnownFileType = sourcecode.swift; path = GraphingViewController.swift; sourceTree = "<group>"; };
		B57397861BA6D562008AA9E8 /* GraphView.swift */ = {isa = PBXFileReference; fileEncoding = 4; lastKnownFileType = sourcecode.swift; path = GraphView.swift; sourceTree = "<group>"; };
		B5772FFB1BB2950600C03E11 /* AnimationViewController.swift */ = {isa = PBXFileReference; fileEncoding = 4; lastKnownFileType = sourcecode.swift; path = AnimationViewController.swift; sourceTree = "<group>"; };
		B5772FFE1BB2A36200C03E11 /* DropView.swift */ = {isa = PBXFileReference; fileEncoding = 4; lastKnownFileType = sourcecode.swift; path = DropView.swift; sourceTree = "<group>"; };
		B57730001BB2A4EA00C03E11 /* DropBehavior.swift */ = {isa = PBXFileReference; fileEncoding = 4; lastKnownFileType = sourcecode.swift; path = DropBehavior.swift; sourceTree = "<group>"; };
		B57730021BB2A8CF00C03E11 /* Settings.bundle */ = {isa = PBXFileReference; lastKnownFileType = "wrapper.plug-in"; path = Settings.bundle; sourceTree = "<group>"; };
		B57DDDFA1BA9AE1100CC691C /* LogViewController.swift */ = {isa = PBXFileReference; fileEncoding = 4; lastKnownFileType = sourcecode.swift; path = LogViewController.swift; sourceTree = "<group>"; };
		B57DDDFF1BA9BF4A00CC691C /* UserLogModel.swift */ = {isa = PBXFileReference; fileEncoding = 4; lastKnownFileType = sourcecode.swift; path = UserLogModel.swift; sourceTree = "<group>"; };
		B57DDE011BA9CDE600CC691C /* TestUserLogModel.swift */ = {isa = PBXFileReference; fileEncoding = 4; lastKnownFileType = sourcecode.swift; path = TestUserLogModel.swift; sourceTree = "<group>"; };
		B58646FC1BB3EB0E0071DBCD /* WebViewController.swift */ = {isa = PBXFileReference; fileEncoding = 4; lastKnownFileType = sourcecode.swift; path = WebViewController.swift; sourceTree = "<group>"; };
		B58CD9011B9F38E700AE9D90 /* Info.plist */ = {isa = PBXFileReference; lastKnownFileType = text.plist.xml; path = Info.plist; sourceTree = "<group>"; };
		B58CD9021B9F38E700AE9D90 /* AppDelegate.swift */ = {isa = PBXFileReference; lastKnownFileType = sourcecode.swift; path = AppDelegate.swift; sourceTree = "<group>"; };
		B58CD9041B9F38E700AE9D90 /* MainViewController.swift */ = {isa = PBXFileReference; lastKnownFileType = sourcecode.swift; path = MainViewController.swift; sourceTree = "<group>"; };
		B58CD9071B9F38E700AE9D90 /* Base */ = {isa = PBXFileReference; lastKnownFileType = file.storyboard; name = Base; path = Base.lproj/Main.storyboard; sourceTree = "<group>"; };
		B58CD9091B9F38E700AE9D90 /* Images.xcassets */ = {isa = PBXFileReference; lastKnownFileType = folder.assetcatalog; path = Images.xcassets; sourceTree = "<group>"; };
		B58CD90C1B9F38E700AE9D90 /* Base */ = {isa = PBXFileReference; lastKnownFileType = file.xib; name = Base; path = Base.lproj/LaunchScreen.xib; sourceTree = "<group>"; };
		B58CD9171B9F38E700AE9D90 /* Info.plist */ = {isa = PBXFileReference; lastKnownFileType = text.plist.xml; path = Info.plist; sourceTree = "<group>"; };
		B58CD9241B9F3F4700AE9D90 /* MusicViewController.swift */ = {isa = PBXFileReference; fileEncoding = 4; lastKnownFileType = sourcecode.swift; path = MusicViewController.swift; sourceTree = "<group>"; };
		B58CD9271B9F42C900AE9D90 /* PinkFluffyUnicornsMusic.mp3 */ = {isa = PBXFileReference; lastKnownFileType = audio.mp3; path = PinkFluffyUnicornsMusic.mp3; sourceTree = "<group>"; };
		B5A7ED621BA962580083C9FE /* GraphLineChartViewContainer.swift */ = {isa = PBXFileReference; fileEncoding = 4; lastKnownFileType = sourcecode.swift; path = GraphLineChartViewContainer.swift; sourceTree = "<group>"; };
		B5A8894C1BB01BFA00255188 /* UserLoggedViewController.swift */ = {isa = PBXFileReference; fileEncoding = 4; lastKnownFileType = sourcecode.swift; path = UserLoggedViewController.swift; sourceTree = "<group>"; };
		B5B8367C1BA1C9540052C04D /* 5min.mp3 */ = {isa = PBXFileReference; lastKnownFileType = audio.mp3; path = 5min.mp3; sourceTree = "<group>"; };
		B5BE596E1BA6C65C002AE353 /* PushButtonView.swift */ = {isa = PBXFileReference; fileEncoding = 4; lastKnownFileType = sourcecode.swift; path = PushButtonView.swift; sourceTree = "<group>"; };
		B5BE59701BA6CE20002AE353 /* GraphingModel.swift */ = {isa = PBXFileReference; fileEncoding = 4; lastKnownFileType = sourcecode.swift; path = GraphingModel.swift; sourceTree = "<group>"; };
		B5CE6BA71BA8440F00D527D8 /* FirstApp.app */ = {isa = PBXFileReference; explicitFileType = wrapper.application; includeInIndex = 0; path = FirstApp.app; sourceTree = BUILT_PRODUCTS_DIR; };
		B5CE6BA81BA8440F00D527D8 /* FirstAppTests.xctest */ = {isa = PBXFileReference; explicitFileType = wrapper.cfbundle; includeInIndex = 0; path = FirstAppTests.xctest; sourceTree = BUILT_PRODUCTS_DIR; };
		B5CE6BA91BA8445500D527D8 /* Charts.xcodeproj */ = {isa = PBXFileReference; lastKnownFileType = "wrapper.pb-project"; name = Charts.xcodeproj; path = "../../../../Downloads/ios-charts-2.1.3/Charts/Charts.xcodeproj"; sourceTree = "<group>"; };
		B5D8D68E1BA09BAA0033CC07 /* CelineDion.mp3 */ = {isa = PBXFileReference; lastKnownFileType = audio.mp3; path = CelineDion.mp3; sourceTree = "<group>"; };
		B5D8D6901BA09BD30033CC07 /* MarcheImperiale.mp3 */ = {isa = PBXFileReference; lastKnownFileType = audio.mp3; path = MarcheImperiale.mp3; sourceTree = "<group>"; };
		B5D8D6921BA09C6A0033CC07 /* NyanCat.mp3 */ = {isa = PBXFileReference; lastKnownFileType = audio.mp3; path = NyanCat.mp3; sourceTree = "<group>"; };
		B5D8D6941BA09D260033CC07 /* KingLouisSong.mp3 */ = {isa = PBXFileReference; lastKnownFileType = audio.mp3; path = KingLouisSong.mp3; sourceTree = "<group>"; };
		B5D8D6961BA09DD30033CC07 /* DeGaulle.mp3 */ = {isa = PBXFileReference; lastKnownFileType = audio.mp3; path = DeGaulle.mp3; sourceTree = "<group>"; };
		B5D9B9891BA85EE300DB37BC /* GraphLineChartView.swift */ = {isa = PBXFileReference; fileEncoding = 4; lastKnownFileType = sourcecode.swift; path = GraphLineChartView.swift; sourceTree = "<group>"; };
/* End PBXFileReference section */

/* Begin PBXFrameworksBuildPhase section */
		B58CD8FA1B9F38E700AE9D90 /* Frameworks */ = {
			isa = PBXFrameworksBuildPhase;
			buildActionMask = 2147483647;
			files = (
				B53B15A61BB4412600CD862D /* libDoStuff.a in Frameworks */,
				B5CE6BAF1BA8448500D527D8 /* Charts.framework in Frameworks */,
			);
			runOnlyForDeploymentPostprocessing = 0;
		};
		B58CD90F1B9F38E700AE9D90 /* Frameworks */ = {
			isa = PBXFrameworksBuildPhase;
			buildActionMask = 2147483647;
			files = (
			);
			runOnlyForDeploymentPostprocessing = 0;
		};
/* End PBXFrameworksBuildPhase section */

/* Begin PBXGroup section */
		B514AA941BB05DE500F46551 /* CPP */ = {
			isa = PBXGroup;
			children = (
				B514AA921BB05DDA00F46551 /* CPPViewController.swift */,
				B514AA961BB0606700F46551 /* CPPFile.cpp */,
				B514AA971BB0606700F46551 /* CPPFile.h */,
				B514AA9B1BB0612900F46551 /* ObjCToCPP.h */,
				B514AA9C1BB0656F00F46551 /* ObjCToCPP.mm */,
			);
			name = CPP;
			sourceTree = "<group>";
		};
		B53B159C1BB4409700CD862D /* Products */ = {
			isa = PBXGroup;
			children = (
				B53B15A11BB4409700CD862D /* libDoStuff.a */,
			);
			name = Products;
			sourceTree = "<group>";
		};
		B57397881BA70566008AA9E8 /* Music */ = {
			isa = PBXGroup;
			children = (
				B58CD9241B9F3F4700AE9D90 /* MusicViewController.swift */,
			);
			name = Music;
			sourceTree = "<group>";
		};
		B57397891BA70571008AA9E8 /* Graphs */ = {
			isa = PBXGroup;
			children = (
				B5BE59701BA6CE20002AE353 /* GraphingModel.swift */,
				B5664E421BA32DFD00D3FA1C /* GraphingViewController.swift */,
				B5BE596E1BA6C65C002AE353 /* PushButtonView.swift */,
				B57397861BA6D562008AA9E8 /* GraphView.swift */,
				B5A7ED621BA962580083C9FE /* GraphLineChartViewContainer.swift */,
				B5D9B9891BA85EE300DB37BC /* GraphLineChartView.swift */,
			);
			name = Graphs;
			sourceTree = "<group>";
		};
		B5772FFD1BB2950F00C03E11 /* Animation */ = {
			isa = PBXGroup;
			children = (
				B5772FFB1BB2950600C03E11 /* AnimationViewController.swift */,
				B57730001BB2A4EA00C03E11 /* DropBehavior.swift */,
				B5772FFE1BB2A36200C03E11 /* DropView.swift */,
			);
			name = Animation;
			sourceTree = "<group>";
		};
		B57DDDFC1BA9AE1900CC691C /* Log */ = {
			isa = PBXGroup;
			children = (
				B57DDDFF1BA9BF4A00CC691C /* UserLogModel.swift */,
				B57DDDFA1BA9AE1100CC691C /* LogViewController.swift */,
				B5A8894C1BB01BFA00255188 /* UserLoggedViewController.swift */,
			);
			name = Log;
			sourceTree = "<group>";
		};
		B58646FE1BB3EB140071DBCD /* Web */ = {
			isa = PBXGroup;
			children = (
				B58646FC1BB3EB0E0071DBCD /* WebViewController.swift */,
			);
			name = Web;
			sourceTree = "<group>";
		};
		B58CD8F41B9F38E700AE9D90 = {
			isa = PBXGroup;
			children = (
				B53B159B1BB4409700CD862D /* DoStuff.xcodeproj */,
				B5CE6BA91BA8445500D527D8 /* Charts.xcodeproj */,
				B58CD8FF1B9F38E700AE9D90 /* FirstApp */,
				B58CD9151B9F38E700AE9D90 /* FirstAppTests */,
				B5CE6BA71BA8440F00D527D8 /* FirstApp.app */,
				B5CE6BA81BA8440F00D527D8 /* FirstAppTests.xctest */,
			);
			sourceTree = "<group>";
		};
		B58CD8FF1B9F38E700AE9D90 /* FirstApp */ = {
			isa = PBXGroup;
			children = (
				B58CD9061B9F38E700AE9D90 /* Main.storyboard */,
				B58CD9041B9F38E700AE9D90 /* MainViewController.swift */,
				B57397881BA70566008AA9E8 /* Music */,
				B57397891BA70571008AA9E8 /* Graphs */,
				B57DDDFC1BA9AE1900CC691C /* Log */,
				B514AA941BB05DE500F46551 /* CPP */,
				B5772FFD1BB2950F00C03E11 /* Animation */,
				B58646FE1BB3EB140071DBCD /* Web */,
				B58CD9001B9F38E700AE9D90 /* Supporting Files */,
			);
			path = FirstApp;
			sourceTree = "<group>";
		};
		B58CD9001B9F38E700AE9D90 /* Supporting Files */ = {
			isa = PBXGroup;
			children = (
				B57730021BB2A8CF00C03E11 /* Settings.bundle */,
				B514AA951BB0606700F46551 /* FirstApp-Bridging-Header.h */,
				B5D8D68D1BA095340033CC07 /* SoundAssets */,
				B58CD90B1B9F38E700AE9D90 /* LaunchScreen.xib */,
				B58CD9091B9F38E700AE9D90 /* Images.xcassets */,
				B58CD9021B9F38E700AE9D90 /* AppDelegate.swift */,
				B58CD9011B9F38E700AE9D90 /* Info.plist */,
			);
			name = "Supporting Files";
			sourceTree = "<group>";
		};
		B58CD9151B9F38E700AE9D90 /* FirstAppTests */ = {
			isa = PBXGroup;
			children = (
				B57DDE011BA9CDE600CC691C /* TestUserLogModel.swift */,
				B58CD9161B9F38E700AE9D90 /* Supporting Files */,
			);
			path = FirstAppTests;
			sourceTree = "<group>";
		};
		B58CD9161B9F38E700AE9D90 /* Supporting Files */ = {
			isa = PBXGroup;
			children = (
				B58CD9171B9F38E700AE9D90 /* Info.plist */,
			);
			name = "Supporting Files";
			sourceTree = "<group>";
		};
		B5CE6BAA1BA8445500D527D8 /* Products */ = {
			isa = PBXGroup;
			children = (
				B5CE6BAE1BA8445500D527D8 /* Charts.framework */,
			);
			name = Products;
			sourceTree = "<group>";
		};
		B5D8D68D1BA095340033CC07 /* SoundAssets */ = {
			isa = PBXGroup;
			children = (
				B5B8367C1BA1C9540052C04D /* 5min.mp3 */,
				B58CD9271B9F42C900AE9D90 /* PinkFluffyUnicornsMusic.mp3 */,
				B5D8D68E1BA09BAA0033CC07 /* CelineDion.mp3 */,
				B5D8D6961BA09DD30033CC07 /* DeGaulle.mp3 */,
				B5D8D6941BA09D260033CC07 /* KingLouisSong.mp3 */,
				B5D8D6921BA09C6A0033CC07 /* NyanCat.mp3 */,
				B5D8D6901BA09BD30033CC07 /* MarcheImperiale.mp3 */,
			);
			name = SoundAssets;
			sourceTree = "<group>";
		};
/* End PBXGroup section */

/* Begin PBXNativeTarget section */
		B58CD8FC1B9F38E700AE9D90 /* FirstApp */ = {
			isa = PBXNativeTarget;
			buildConfigurationList = B58CD91C1B9F38E700AE9D90 /* Build configuration list for PBXNativeTarget "FirstApp" */;
			buildPhases = (
				B58CD8F91B9F38E700AE9D90 /* Sources */,
				B58CD8FA1B9F38E700AE9D90 /* Frameworks */,
				B58CD8FB1B9F38E700AE9D90 /* Resources */,
				B5CE6BB31BA8448500D527D8 /* Embed Frameworks */,
			);
			buildRules = (
			);
			dependencies = (
				B53B15A51BB4410B00CD862D /* PBXTargetDependency */,
				B5CE6BB21BA8448500D527D8 /* PBXTargetDependency */,
			);
			name = FirstApp;
			productName = FirstApp;
			productReference = B5CE6BA71BA8440F00D527D8 /* FirstApp.app */;
			productType = "com.apple.product-type.application";
		};
		B58CD9111B9F38E700AE9D90 /* FirstAppTests */ = {
			isa = PBXNativeTarget;
			buildConfigurationList = B58CD91F1B9F38E700AE9D90 /* Build configuration list for PBXNativeTarget "FirstAppTests" */;
			buildPhases = (
				B58CD90E1B9F38E700AE9D90 /* Sources */,
				B58CD90F1B9F38E700AE9D90 /* Frameworks */,
				B58CD9101B9F38E700AE9D90 /* Resources */,
			);
			buildRules = (
			);
			dependencies = (
				B58CD9141B9F38E700AE9D90 /* PBXTargetDependency */,
			);
			name = FirstAppTests;
			productName = FirstAppTests;
			productReference = B5CE6BA81BA8440F00D527D8 /* FirstAppTests.xctest */;
			productType = "com.apple.product-type.bundle.unit-test";
		};
/* End PBXNativeTarget section */

/* Begin PBXProject section */
		B58CD8F51B9F38E700AE9D90 /* Project object */ = {
			isa = PBXProject;
			attributes = {
				LastUpgradeCheck = 0640;
				ORGANIZATIONNAME = "Emma Barme";
				TargetAttributes = {
					B58CD8FC1B9F38E700AE9D90 = {
						CreatedOnToolsVersion = 6.4;
					};
					B58CD9111B9F38E700AE9D90 = {
						CreatedOnToolsVersion = 6.4;
						TestTargetID = B58CD8FC1B9F38E700AE9D90;
					};
				};
			};
			buildConfigurationList = B58CD8F81B9F38E700AE9D90 /* Build configuration list for PBXProject "FirstApp" */;
			compatibilityVersion = "Xcode 3.2";
			developmentRegion = English;
			hasScannedForEncodings = 0;
			knownRegions = (
				en,
				Base,
			);
			mainGroup = B58CD8F41B9F38E700AE9D90;
			productRefGroup = B58CD8F41B9F38E700AE9D90;
			projectDirPath = "";
			projectReferences = (
				{
					ProductGroup = B5CE6BAA1BA8445500D527D8 /* Products */;
					ProjectRef = B5CE6BA91BA8445500D527D8 /* Charts.xcodeproj */;
				},
				{
					ProductGroup = B53B159C1BB4409700CD862D /* Products */;
					ProjectRef = B53B159B1BB4409700CD862D /* DoStuff.xcodeproj */;
				},
			);
			projectRoot = "";
			targets = (
				B58CD8FC1B9F38E700AE9D90 /* FirstApp */,
				B58CD9111B9F38E700AE9D90 /* FirstAppTests */,
			);
		};
/* End PBXProject section */

/* Begin PBXReferenceProxy section */
		B53B15A11BB4409700CD862D /* libDoStuff.a */ = {
			isa = PBXReferenceProxy;
			fileType = archive.ar;
			path = libDoStuff.a;
			remoteRef = B53B15A01BB4409700CD862D /* PBXContainerItemProxy */;
			sourceTree = BUILT_PRODUCTS_DIR;
		};
		B5CE6BAE1BA8445500D527D8 /* Charts.framework */ = {
			isa = PBXReferenceProxy;
			fileType = wrapper.framework;
			path = Charts.framework;
			remoteRef = B5CE6BAD1BA8445500D527D8 /* PBXContainerItemProxy */;
			sourceTree = BUILT_PRODUCTS_DIR;
		};
/* End PBXReferenceProxy section */

/* Begin PBXResourcesBuildPhase section */
		B58CD8FB1B9F38E700AE9D90 /* Resources */ = {
			isa = PBXResourcesBuildPhase;
			buildActionMask = 2147483647;
			files = (
				B58CD9081B9F38E700AE9D90 /* Main.storyboard in Resources */,
				B58CD90D1B9F38E700AE9D90 /* LaunchScreen.xib in Resources */,
				B5D8D68F1BA09BAA0033CC07 /* CelineDion.mp3 in Resources */,
				B5D8D6951BA09D260033CC07 /* KingLouisSong.mp3 in Resources */,
				B5D8D6911BA09BD30033CC07 /* MarcheImperiale.mp3 in Resources */,
				B5D8D6931BA09C6A0033CC07 /* NyanCat.mp3 in Resources */,
				B5D8D6971BA09DD30033CC07 /* DeGaulle.mp3 in Resources */,
				B5B8367D1BA1C9540052C04D /* 5min.mp3 in Resources */,
				B58CD9281B9F42C900AE9D90 /* PinkFluffyUnicornsMusic.mp3 in Resources */,
				B57730031BB2A8CF00C03E11 /* Settings.bundle in Resources */,
				B58CD90A1B9F38E700AE9D90 /* Images.xcassets in Resources */,
			);
			runOnlyForDeploymentPostprocessing = 0;
		};
		B58CD9101B9F38E700AE9D90 /* Resources */ = {
			isa = PBXResourcesBuildPhase;
			buildActionMask = 2147483647;
			files = (
				B58CD9291B9F42C900AE9D90 /* PinkFluffyUnicornsMusic.mp3 in Resources */,
				B58CD9221B9F3B9E00AE9D90 /* Main.storyboard in Resources */,
			);
			runOnlyForDeploymentPostprocessing = 0;
		};
/* End PBXResourcesBuildPhase section */

/* Begin PBXSourcesBuildPhase section */
		B58CD8F91B9F38E700AE9D90 /* Sources */ = {
			isa = PBXSourcesBuildPhase;
			buildActionMask = 2147483647;
			files = (
				B58646FD1BB3EB0E0071DBCD /* WebViewController.swift in Sources */,
				B5BE596F1BA6C65C002AE353 /* PushButtonView.swift in Sources */,
				B514AA9D1BB0656F00F46551 /* ObjCToCPP.mm in Sources */,
				B514AA981BB0606700F46551 /* CPPFile.cpp in Sources */,
				B57DDDFB1BA9AE1100CC691C /* LogViewController.swift in Sources */,
				B57730011BB2A4EA00C03E11 /* DropBehavior.swift in Sources */,
				B5A7ED631BA962580083C9FE /* GraphLineChartViewContainer.swift in Sources */,
				B58CD9251B9F3F4700AE9D90 /* MusicViewController.swift in Sources */,
				B5D9B98A1BA85EE300DB37BC /* GraphLineChartView.swift in Sources */,
				B5772FFC1BB2950600C03E11 /* AnimationViewController.swift in Sources */,
				B514AA931BB05DDA00F46551 /* CPPViewController.swift in Sources */,
				B57397871BA6D562008AA9E8 /* GraphView.swift in Sources */,
				B58CD9051B9F38E700AE9D90 /* MainViewController.swift in Sources */,
				B5BE59711BA6CE20002AE353 /* GraphingModel.swift in Sources */,
				B58CD9031B9F38E700AE9D90 /* AppDelegate.swift in Sources */,
				B5A8894D1BB01BFB00255188 /* UserLoggedViewController.swift in Sources */,
				B5664E431BA32DFD00D3FA1C /* GraphingViewController.swift in Sources */,
				B57DDE001BA9BF4A00CC691C /* UserLogModel.swift in Sources */,
				B5772FFF1BB2A36200C03E11 /* DropView.swift in Sources */,
			);
			runOnlyForDeploymentPostprocessing = 0;
		};
		B58CD90E1B9F38E700AE9D90 /* Sources */ = {
			isa = PBXSourcesBuildPhase;
			buildActionMask = 2147483647;
			files = (
				B57DDE031BA9D13D00CC691C /* UserLogModel.swift in Sources */,
				B58CD9261B9F3F4700AE9D90 /* MusicViewController.swift in Sources */,
				B58CD9231B9F3BA200AE9D90 /* MainViewController.swift in Sources */,
				B57DDE021BA9CDE600CC691C /* TestUserLogModel.swift in Sources */,
			);
			runOnlyForDeploymentPostprocessing = 0;
		};
/* End PBXSourcesBuildPhase section */

/* Begin PBXTargetDependency section */
		B53B15A51BB4410B00CD862D /* PBXTargetDependency */ = {
			isa = PBXTargetDependency;
			name = DoStuff;
			targetProxy = B53B15A41BB4410B00CD862D /* PBXContainerItemProxy */;
		};
		B58CD9141B9F38E700AE9D90 /* PBXTargetDependency */ = {
			isa = PBXTargetDependency;
			target = B58CD8FC1B9F38E700AE9D90 /* FirstApp */;
			targetProxy = B58CD9131B9F38E700AE9D90 /* PBXContainerItemProxy */;
		};
		B5CE6BB21BA8448500D527D8 /* PBXTargetDependency */ = {
			isa = PBXTargetDependency;
			name = Charts;
			targetProxy = B5CE6BB11BA8448500D527D8 /* PBXContainerItemProxy */;
		};
/* End PBXTargetDependency section */

/* Begin PBXVariantGroup section */
		B58CD9061B9F38E700AE9D90 /* Main.storyboard */ = {
			isa = PBXVariantGroup;
			children = (
				B58CD9071B9F38E700AE9D90 /* Base */,
			);
			name = Main.storyboard;
			sourceTree = "<group>";
		};
		B58CD90B1B9F38E700AE9D90 /* LaunchScreen.xib */ = {
			isa = PBXVariantGroup;
			children = (
				B58CD90C1B9F38E700AE9D90 /* Base */,
			);
			name = LaunchScreen.xib;
			sourceTree = "<group>";
		};
/* End PBXVariantGroup section */

/* Begin XCBuildConfiguration section */
		B58CD91A1B9F38E700AE9D90 /* Debug */ = {
			isa = XCBuildConfiguration;
			buildSettings = {
				ALWAYS_SEARCH_USER_PATHS = NO;
				CLANG_CXX_LANGUAGE_STANDARD = "gnu++0x";
				CLANG_CXX_LIBRARY = "libc++";
				CLANG_ENABLE_MODULES = YES;
				CLANG_ENABLE_OBJC_ARC = YES;
				CLANG_WARN_BOOL_CONVERSION = YES;
				CLANG_WARN_CONSTANT_CONVERSION = YES;
				CLANG_WARN_DIRECT_OBJC_ISA_USAGE = YES_ERROR;
				CLANG_WARN_EMPTY_BODY = YES;
				CLANG_WARN_ENUM_CONVERSION = YES;
				CLANG_WARN_INT_CONVERSION = YES;
				CLANG_WARN_OBJC_ROOT_CLASS = YES_ERROR;
				CLANG_WARN_UNREACHABLE_CODE = YES;
				CLANG_WARN__DUPLICATE_METHOD_MATCH = YES;
				"CODE_SIGN_IDENTITY[sdk=iphoneos*]" = "iPhone Developer";
				COPY_PHASE_STRIP = NO;
				DEBUG_INFORMATION_FORMAT = "dwarf-with-dsym";
				ENABLE_STRICT_OBJC_MSGSEND = YES;
				GCC_C_LANGUAGE_STANDARD = gnu99;
				GCC_DYNAMIC_NO_PIC = NO;
				GCC_NO_COMMON_BLOCKS = YES;
				GCC_OPTIMIZATION_LEVEL = 0;
				GCC_PREPROCESSOR_DEFINITIONS = (
					"DEBUG=1",
					"$(inherited)",
				);
				GCC_SYMBOLS_PRIVATE_EXTERN = NO;
				GCC_WARN_64_TO_32_BIT_CONVERSION = YES;
				GCC_WARN_ABOUT_RETURN_TYPE = YES_ERROR;
				GCC_WARN_UNDECLARED_SELECTOR = YES;
				GCC_WARN_UNINITIALIZED_AUTOS = YES_AGGRESSIVE;
				GCC_WARN_UNUSED_FUNCTION = YES;
				GCC_WARN_UNUSED_VARIABLE = YES;
				IPHONEOS_DEPLOYMENT_TARGET = 8.4;
				MTL_ENABLE_DEBUG_INFO = YES;
				ONLY_ACTIVE_ARCH = YES;
				SDKROOT = iphoneos;
				SWIFT_OPTIMIZATION_LEVEL = "-Onone";
				TARGETED_DEVICE_FAMILY = "1,2";
			};
			name = Debug;
		};
		B58CD91B1B9F38E700AE9D90 /* Release */ = {
			isa = XCBuildConfiguration;
			buildSettings = {
				ALWAYS_SEARCH_USER_PATHS = NO;
				CLANG_CXX_LANGUAGE_STANDARD = "gnu++0x";
				CLANG_CXX_LIBRARY = "libc++";
				CLANG_ENABLE_MODULES = YES;
				CLANG_ENABLE_OBJC_ARC = YES;
				CLANG_WARN_BOOL_CONVERSION = YES;
				CLANG_WARN_CONSTANT_CONVERSION = YES;
				CLANG_WARN_DIRECT_OBJC_ISA_USAGE = YES_ERROR;
				CLANG_WARN_EMPTY_BODY = YES;
				CLANG_WARN_ENUM_CONVERSION = YES;
				CLANG_WARN_INT_CONVERSION = YES;
				CLANG_WARN_OBJC_ROOT_CLASS = YES_ERROR;
				CLANG_WARN_UNREACHABLE_CODE = YES;
				CLANG_WARN__DUPLICATE_METHOD_MATCH = YES;
				"CODE_SIGN_IDENTITY[sdk=iphoneos*]" = "iPhone Developer";
				COPY_PHASE_STRIP = NO;
				DEBUG_INFORMATION_FORMAT = "dwarf-with-dsym";
				ENABLE_NS_ASSERTIONS = NO;
				ENABLE_STRICT_OBJC_MSGSEND = YES;
				GCC_C_LANGUAGE_STANDARD = gnu99;
				GCC_NO_COMMON_BLOCKS = YES;
				GCC_WARN_64_TO_32_BIT_CONVERSION = YES;
				GCC_WARN_ABOUT_RETURN_TYPE = YES_ERROR;
				GCC_WARN_UNDECLARED_SELECTOR = YES;
				GCC_WARN_UNINITIALIZED_AUTOS = YES_AGGRESSIVE;
				GCC_WARN_UNUSED_FUNCTION = YES;
				GCC_WARN_UNUSED_VARIABLE = YES;
				IPHONEOS_DEPLOYMENT_TARGET = 8.4;
				MTL_ENABLE_DEBUG_INFO = NO;
				SDKROOT = iphoneos;
				TARGETED_DEVICE_FAMILY = "1,2";
				VALIDATE_PRODUCT = YES;
			};
			name = Release;
		};
		B58CD91D1B9F38E700AE9D90 /* Debug */ = {
			isa = XCBuildConfiguration;
			buildSettings = {
				ASSETCATALOG_COMPILER_APPICON_NAME = AppIcon;
				CLANG_CXX_LANGUAGE_STANDARD = "gnu++0x";
				CLANG_CXX_LIBRARY = "libc++";
				CLANG_ENABLE_MODULES = YES;
				DEFINES_MODULE = YES;
				HEADER_SEARCH_PATHS = (
					"$(inherited)",
					/Applications/Xcode.app/Contents/Developer/Toolchains/XcodeDefault.xctoolchain/usr/include,
				);
				INFOPLIST_FILE = FirstApp/Info.plist;
				INFOPLIST_OTHER_PREPROCESSOR_FLAGS = "";
				LD_RUNPATH_SEARCH_PATHS = "$(inherited) @executable_path/Frameworks";
				LIBRARY_SEARCH_PATHS = (
					"$(inherited)",
					"$(PROJECT_DIR)/FirstApp",
					/Users/Emma/Desktop/MyBrain/PlaygroundsSwift/DoStuff,
					"$(PROJECT_DIR)",
				);
				ONLY_ACTIVE_ARCH = YES;
				OTHER_LDFLAGS = (
					"-lstdc++",
					"-ObjC",
				);
				PRODUCT_NAME = "$(TARGET_NAME)";
				SWIFT_OBJC_BRIDGING_HEADER = "FirstApp/FirstApp-Bridging-Header.h";
				SWIFT_OPTIMIZATION_LEVEL = "-Onone";
			};
			name = Debug;
		};
		B58CD91E1B9F38E700AE9D90 /* Release */ = {
			isa = XCBuildConfiguration;
			buildSettings = {
				ASSETCATALOG_COMPILER_APPICON_NAME = AppIcon;
				CLANG_CXX_LANGUAGE_STANDARD = "gnu++0x";
				CLANG_CXX_LIBRARY = "libc++";
				CLANG_ENABLE_MODULES = YES;
				DEFINES_MODULE = YES;
				HEADER_SEARCH_PATHS = (
					"$(inherited)",
					/Applications/Xcode.app/Contents/Developer/Toolchains/XcodeDefault.xctoolchain/usr/include,
				);
				INFOPLIST_FILE = FirstApp/Info.plist;
				INFOPLIST_OTHER_PREPROCESSOR_FLAGS = "";
				LD_RUNPATH_SEARCH_PATHS = "$(inherited) @executable_path/Frameworks";
				LIBRARY_SEARCH_PATHS = (
					"$(inherited)",
					"$(PROJECT_DIR)/FirstApp",
					/Users/Emma/Desktop/MyBrain/PlaygroundsSwift/DoStuff,
					"$(PROJECT_DIR)",
				);
				OTHER_LDFLAGS = (
					"-lstdc++",
					"-ObjC",
				);
				PRODUCT_NAME = "$(TARGET_NAME)";
				SWIFT_OBJC_BRIDGING_HEADER = "FirstApp/FirstApp-Bridging-Header.h";
			};
			name = Release;
		};
		B58CD9201B9F38E700AE9D90 /* Debug */ = {
			isa = XCBuildConfiguration;
			buildSettings = {
				BUNDLE_LOADER = "$(TEST_HOST)";
				FRAMEWORK_SEARCH_PATHS = (
					"$(SDKROOT)/Developer/Library/Frameworks",
					"$(inherited)",
				);
				GCC_PREPROCESSOR_DEFINITIONS = (
					"DEBUG=1",
					"$(inherited)",
				);
				INFOPLIST_FILE = FirstAppTests/Info.plist;
				LD_RUNPATH_SEARCH_PATHS = "$(inherited) @executable_path/Frameworks @loader_path/Frameworks";
				PRODUCT_NAME = "$(TARGET_NAME)";
				TEST_HOST = "$(BUILT_PRODUCTS_DIR)/FirstApp.app/FirstApp";
			};
			name = Debug;
		};
		B58CD9211B9F38E700AE9D90 /* Release */ = {
			isa = XCBuildConfiguration;
			buildSettings = {
				BUNDLE_LOADER = "$(TEST_HOST)";
				FRAMEWORK_SEARCH_PATHS = (
					"$(SDKROOT)/Developer/Library/Frameworks",
					"$(inherited)",
				);
				INFOPLIST_FILE = FirstAppTests/Info.plist;
				LD_RUNPATH_SEARCH_PATHS = "$(inherited) @executable_path/Frameworks @loader_path/Frameworks";
				PRODUCT_NAME = "$(TARGET_NAME)";
				TEST_HOST = "$(BUILT_PRODUCTS_DIR)/FirstApp.app/FirstApp";
			};
			name = Release;
		};
/* End XCBuildConfiguration section */

/* Begin XCConfigurationList section */
		B58CD8F81B9F38E700AE9D90 /* Build configuration list for PBXProject "FirstApp" */ = {
			isa = XCConfigurationList;
			buildConfigurations = (
				B58CD91A1B9F38E700AE9D90 /* Debug */,
				B58CD91B1B9F38E700AE9D90 /* Release */,
			);
			defaultConfigurationIsVisible = 0;
			defaultConfigurationName = Release;
		};
		B58CD91C1B9F38E700AE9D90 /* Build configuration list for PBXNativeTarget "FirstApp" */ = {
			isa = XCConfigurationList;
			buildConfigurations = (
				B58CD91D1B9F38E700AE9D90 /* Debug */,
				B58CD91E1B9F38E700AE9D90 /* Release */,
			);
			defaultConfigurationIsVisible = 0;
			defaultConfigurationName = Release;
		};
		B58CD91F1B9F38E700AE9D90 /* Build configuration list for PBXNativeTarget "FirstAppTests" */ = {
			isa = XCConfigurationList;
			buildConfigurations = (
				B58CD9201B9F38E700AE9D90 /* Debug */,
				B58CD9211B9F38E700AE9D90 /* Release */,
			);
			defaultConfigurationIsVisible = 0;
			defaultConfigurationName = Release;
		};
/* End XCConfigurationList section */
	};
	rootObject = B58CD8F51B9F38E700AE9D90 /* Project object */;
}
