// !$*UTF8*$!
{
	archiveVersion = 1;
	classes = {
	};
	objectVersion = 46;
	objects = {

/* Begin PBXBuildFile section */
		B58CD9031B9F38E700AE9D90 /* AppDelegate.swift in Sources */ = {isa = PBXBuildFile; fileRef = B58CD9021B9F38E700AE9D90 /* AppDelegate.swift */; };
		B58CD9051B9F38E700AE9D90 /* MainViewController.swift in Sources */ = {isa = PBXBuildFile; fileRef = B58CD9041B9F38E700AE9D90 /* MainViewController.swift */; };
		B58CD9081B9F38E700AE9D90 /* Main.storyboard in Resources */ = {isa = PBXBuildFile; fileRef = B58CD9061B9F38E700AE9D90 /* Main.storyboard */; };
		B58CD90A1B9F38E700AE9D90 /* Images.xcassets in Resources */ = {isa = PBXBuildFile; fileRef = B58CD9091B9F38E700AE9D90 /* Images.xcassets */; };
		B58CD90D1B9F38E700AE9D90 /* LaunchScreen.xib in Resources */ = {isa = PBXBuildFile; fileRef = B58CD90B1B9F38E700AE9D90 /* LaunchScreen.xib */; };
		B58CD9191B9F38E700AE9D90 /* FirstAppTests.swift in Sources */ = {isa = PBXBuildFile; fileRef = B58CD9181B9F38E700AE9D90 /* FirstAppTests.swift */; };
		B58CD9221B9F3B9E00AE9D90 /* Main.storyboard in Resources */ = {isa = PBXBuildFile; fileRef = B58CD9061B9F38E700AE9D90 /* Main.storyboard */; };
		B58CD9231B9F3BA200AE9D90 /* MainViewController.swift in Sources */ = {isa = PBXBuildFile; fileRef = B58CD9041B9F38E700AE9D90 /* MainViewController.swift */; };
		B58CD9251B9F3F4700AE9D90 /* MusicViewController.swift in Sources */ = {isa = PBXBuildFile; fileRef = B58CD9241B9F3F4700AE9D90 /* MusicViewController.swift */; };
		B58CD9261B9F3F4700AE9D90 /* MusicViewController.swift in Sources */ = {isa = PBXBuildFile; fileRef = B58CD9241B9F3F4700AE9D90 /* MusicViewController.swift */; };
		B58CD9281B9F42C900AE9D90 /* PinkFluffyUnicornsMusic.mp3 in Resources */ = {isa = PBXBuildFile; fileRef = B58CD9271B9F42C900AE9D90 /* PinkFluffyUnicornsMusic.mp3 */; };
		B58CD9291B9F42C900AE9D90 /* PinkFluffyUnicornsMusic.mp3 in Resources */ = {isa = PBXBuildFile; fileRef = B58CD9271B9F42C900AE9D90 /* PinkFluffyUnicornsMusic.mp3 */; };
		B5D8D68F1BA09BAA0033CC07 /* CelineDion.mp3 in Resources */ = {isa = PBXBuildFile; fileRef = B5D8D68E1BA09BAA0033CC07 /* CelineDion.mp3 */; };
		B5D8D6911BA09BD30033CC07 /* MarcheImperiale.mp3 in Resources */ = {isa = PBXBuildFile; fileRef = B5D8D6901BA09BD30033CC07 /* MarcheImperiale.mp3 */; };
		B5D8D6931BA09C6A0033CC07 /* NyanCat.mp3 in Resources */ = {isa = PBXBuildFile; fileRef = B5D8D6921BA09C6A0033CC07 /* NyanCat.mp3 */; };
		B5D8D6951BA09D260033CC07 /* KingLouisSong.mp3 in Resources */ = {isa = PBXBuildFile; fileRef = B5D8D6941BA09D260033CC07 /* KingLouisSong.mp3 */; };
		B5D8D6971BA09DD30033CC07 /* DeGaulle.mp3 in Resources */ = {isa = PBXBuildFile; fileRef = B5D8D6961BA09DD30033CC07 /* DeGaulle.mp3 */; };
/* End PBXBuildFile section */

/* Begin PBXContainerItemProxy section */
		B58CD9131B9F38E700AE9D90 /* PBXContainerItemProxy */ = {
			isa = PBXContainerItemProxy;
			containerPortal = B58CD8F51B9F38E700AE9D90 /* Project object */;
			proxyType = 1;
			remoteGlobalIDString = B58CD8FC1B9F38E700AE9D90;
			remoteInfo = FirstApp;
		};
/* End PBXContainerItemProxy section */

/* Begin PBXFileReference section */
		B58CD8FD1B9F38E700AE9D90 /* FirstApp.app */ = {isa = PBXFileReference; explicitFileType = wrapper.application; includeInIndex = 0; path = FirstApp.app; sourceTree = BUILT_PRODUCTS_DIR; };
		B58CD9011B9F38E700AE9D90 /* Info.plist */ = {isa = PBXFileReference; lastKnownFileType = text.plist.xml; path = Info.plist; sourceTree = "<group>"; };
		B58CD9021B9F38E700AE9D90 /* AppDelegate.swift */ = {isa = PBXFileReference; lastKnownFileType = sourcecode.swift; path = AppDelegate.swift; sourceTree = "<group>"; };
		B58CD9041B9F38E700AE9D90 /* MainViewController.swift */ = {isa = PBXFileReference; lastKnownFileType = sourcecode.swift; path = MainViewController.swift; sourceTree = "<group>"; };
		B58CD9071B9F38E700AE9D90 /* Base */ = {isa = PBXFileReference; lastKnownFileType = file.storyboard; name = Base; path = Base.lproj/Main.storyboard; sourceTree = "<group>"; };
		B58CD9091B9F38E700AE9D90 /* Images.xcassets */ = {isa = PBXFileReference; lastKnownFileType = folder.assetcatalog; path = Images.xcassets; sourceTree = "<group>"; };
		B58CD90C1B9F38E700AE9D90 /* Base */ = {isa = PBXFileReference; lastKnownFileType = file.xib; name = Base; path = Base.lproj/LaunchScreen.xib; sourceTree = "<group>"; };
		B58CD9121B9F38E700AE9D90 /* FirstAppTests.xctest */ = {isa = PBXFileReference; explicitFileType = wrapper.cfbundle; includeInIndex = 0; path = FirstAppTests.xctest; sourceTree = BUILT_PRODUCTS_DIR; };
		B58CD9171B9F38E700AE9D90 /* Info.plist */ = {isa = PBXFileReference; lastKnownFileType = text.plist.xml; path = Info.plist; sourceTree = "<group>"; };
		B58CD9181B9F38E700AE9D90 /* FirstAppTests.swift */ = {isa = PBXFileReference; lastKnownFileType = sourcecode.swift; path = FirstAppTests.swift; sourceTree = "<group>"; };
		B58CD9241B9F3F4700AE9D90 /* MusicViewController.swift */ = {isa = PBXFileReference; fileEncoding = 4; lastKnownFileType = sourcecode.swift; path = MusicViewController.swift; sourceTree = "<group>"; };
		B58CD9271B9F42C900AE9D90 /* PinkFluffyUnicornsMusic.mp3 */ = {isa = PBXFileReference; lastKnownFileType = audio.mp3; path = PinkFluffyUnicornsMusic.mp3; sourceTree = "<group>"; };
		B5D8D68E1BA09BAA0033CC07 /* CelineDion.mp3 */ = {isa = PBXFileReference; lastKnownFileType = audio.mp3; path = CelineDion.mp3; sourceTree = "<group>"; };
		B5D8D6901BA09BD30033CC07 /* MarcheImperiale.mp3 */ = {isa = PBXFileReference; lastKnownFileType = audio.mp3; path = MarcheImperiale.mp3; sourceTree = "<group>"; };
		B5D8D6921BA09C6A0033CC07 /* NyanCat.mp3 */ = {isa = PBXFileReference; lastKnownFileType = audio.mp3; path = NyanCat.mp3; sourceTree = "<group>"; };
		B5D8D6941BA09D260033CC07 /* KingLouisSong.mp3 */ = {isa = PBXFileReference; lastKnownFileType = audio.mp3; path = KingLouisSong.mp3; sourceTree = "<group>"; };
		B5D8D6961BA09DD30033CC07 /* DeGaulle.mp3 */ = {isa = PBXFileReference; lastKnownFileType = audio.mp3; path = DeGaulle.mp3; sourceTree = "<group>"; };
/* End PBXFileReference section */

/* Begin PBXFrameworksBuildPhase section */
		B58CD8FA1B9F38E700AE9D90 /* Frameworks */ = {
			isa = PBXFrameworksBuildPhase;
			buildActionMask = 2147483647;
			files = (
			);
			runOnlyForDeploymentPostprocessing = 0;
		};
		B58CD90F1B9F38E700AE9D90 /* Frameworks */ = {
			isa = PBXFrameworksBuildPhase;
			buildActionMask = 2147483647;
			files = (
			);
			runOnlyForDeploymentPostprocessing = 0;
		};
/* End PBXFrameworksBuildPhase section */

/* Begin PBXGroup section */
		B58CD8F41B9F38E700AE9D90 = {
			isa = PBXGroup;
			children = (
				B58CD8FF1B9F38E700AE9D90 /* FirstApp */,
				B58CD9151B9F38E700AE9D90 /* FirstAppTests */,
				B58CD8FE1B9F38E700AE9D90 /* Products */,
			);
			sourceTree = "<group>";
		};
		B58CD8FE1B9F38E700AE9D90 /* Products */ = {
			isa = PBXGroup;
			children = (
				B58CD8FD1B9F38E700AE9D90 /* FirstApp.app */,
				B58CD9121B9F38E700AE9D90 /* FirstAppTests.xctest */,
			);
			name = Products;
			sourceTree = "<group>";
		};
		B58CD8FF1B9F38E700AE9D90 /* FirstApp */ = {
			isa = PBXGroup;
			children = (
				B58CD9041B9F38E700AE9D90 /* MainViewController.swift */,
				B58CD9061B9F38E700AE9D90 /* Main.storyboard */,
				B58CD9241B9F3F4700AE9D90 /* MusicViewController.swift */,
				B58CD9001B9F38E700AE9D90 /* Supporting Files */,
			);
			path = FirstApp;
			sourceTree = "<group>";
		};
		B58CD9001B9F38E700AE9D90 /* Supporting Files */ = {
			isa = PBXGroup;
			children = (
				B5D8D68D1BA095340033CC07 /* SoundAssets */,
				B58CD90B1B9F38E700AE9D90 /* LaunchScreen.xib */,
				B58CD9091B9F38E700AE9D90 /* Images.xcassets */,
				B58CD9021B9F38E700AE9D90 /* AppDelegate.swift */,
				B58CD9011B9F38E700AE9D90 /* Info.plist */,
			);
			name = "Supporting Files";
			sourceTree = "<group>";
		};
		B58CD9151B9F38E700AE9D90 /* FirstAppTests */ = {
			isa = PBXGroup;
			children = (
				B58CD9181B9F38E700AE9D90 /* FirstAppTests.swift */,
				B58CD9161B9F38E700AE9D90 /* Supporting Files */,
			);
			path = FirstAppTests;
			sourceTree = "<group>";
		};
		B58CD9161B9F38E700AE9D90 /* Supporting Files */ = {
			isa = PBXGroup;
			children = (
				B58CD9171B9F38E700AE9D90 /* Info.plist */,
			);
			name = "Supporting Files";
			sourceTree = "<group>";
		};
		B5D8D68D1BA095340033CC07 /* SoundAssets */ = {
			isa = PBXGroup;
			children = (
				B58CD9271B9F42C900AE9D90 /* PinkFluffyUnicornsMusic.mp3 */,
				B5D8D68E1BA09BAA0033CC07 /* CelineDion.mp3 */,
				B5D8D6961BA09DD30033CC07 /* DeGaulle.mp3 */,
				B5D8D6941BA09D260033CC07 /* KingLouisSong.mp3 */,
				B5D8D6921BA09C6A0033CC07 /* NyanCat.mp3 */,
				B5D8D6901BA09BD30033CC07 /* MarcheImperiale.mp3 */,
			);
			name = SoundAssets;
			sourceTree = "<group>";
		};
/* End PBXGroup section */

/* Begin PBXNativeTarget section */
		B58CD8FC1B9F38E700AE9D90 /* FirstApp */ = {
			isa = PBXNativeTarget;
			buildConfigurationList = B58CD91C1B9F38E700AE9D90 /* Build configuration list for PBXNativeTarget "FirstApp" */;
			buildPhases = (
				B58CD8F91B9F38E700AE9D90 /* Sources */,
				B58CD8FA1B9F38E700AE9D90 /* Frameworks */,
				B58CD8FB1B9F38E700AE9D90 /* Resources */,
			);
			buildRules = (
			);
			dependencies = (
			);
			name = FirstApp;
			productName = FirstApp;
			productReference = B58CD8FD1B9F38E700AE9D90 /* FirstApp.app */;
			productType = "com.apple.product-type.application";
		};
		B58CD9111B9F38E700AE9D90 /* FirstAppTests */ = {
			isa = PBXNativeTarget;
			buildConfigurationList = B58CD91F1B9F38E700AE9D90 /* Build configuration list for PBXNativeTarget "FirstAppTests" */;
			buildPhases = (
				B58CD90E1B9F38E700AE9D90 /* Sources */,
				B58CD90F1B9F38E700AE9D90 /* Frameworks */,
				B58CD9101B9F38E700AE9D90 /* Resources */,
			);
			buildRules = (
			);
			dependencies = (
				B58CD9141B9F38E700AE9D90 /* PBXTargetDependency */,
			);
			name = FirstAppTests;
			productName = FirstAppTests;
			productReference = B58CD9121B9F38E700AE9D90 /* FirstAppTests.xctest */;
			productType = "com.apple.product-type.bundle.unit-test";
		};
/* End PBXNativeTarget section */

/* Begin PBXProject section */
		B58CD8F51B9F38E700AE9D90 /* Project object */ = {
			isa = PBXProject;
			attributes = {
				LastUpgradeCheck = 0640;
				ORGANIZATIONNAME = "Emma Barme";
				TargetAttributes = {
					B58CD8FC1B9F38E700AE9D90 = {
						CreatedOnToolsVersion = 6.4;
					};
					B58CD9111B9F38E700AE9D90 = {
						CreatedOnToolsVersion = 6.4;
						TestTargetID = B58CD8FC1B9F38E700AE9D90;
					};
				};
			};
			buildConfigurationList = B58CD8F81B9F38E700AE9D90 /* Build configuration list for PBXProject "FirstApp" */;
			compatibilityVersion = "Xcode 3.2";
			developmentRegion = English;
			hasScannedForEncodings = 0;
			knownRegions = (
				en,
				Base,
			);
			mainGroup = B58CD8F41B9F38E700AE9D90;
			productRefGroup = B58CD8FE1B9F38E700AE9D90 /* Products */;
			projectDirPath = "";
			projectRoot = "";
			targets = (
				B58CD8FC1B9F38E700AE9D90 /* FirstApp */,
				B58CD9111B9F38E700AE9D90 /* FirstAppTests */,
			);
		};
/* End PBXProject section */

/* Begin PBXResourcesBuildPhase section */
		B58CD8FB1B9F38E700AE9D90 /* Resources */ = {
			isa = PBXResourcesBuildPhase;
			buildActionMask = 2147483647;
			files = (
				B58CD9081B9F38E700AE9D90 /* Main.storyboard in Resources */,
				B58CD90D1B9F38E700AE9D90 /* LaunchScreen.xib in Resources */,
				B5D8D68F1BA09BAA0033CC07 /* CelineDion.mp3 in Resources */,
				B5D8D6951BA09D260033CC07 /* KingLouisSong.mp3 in Resources */,
				B5D8D6911BA09BD30033CC07 /* MarcheImperiale.mp3 in Resources */,
				B5D8D6931BA09C6A0033CC07 /* NyanCat.mp3 in Resources */,
				B5D8D6971BA09DD30033CC07 /* DeGaulle.mp3 in Resources */,
				B58CD9281B9F42C900AE9D90 /* PinkFluffyUnicornsMusic.mp3 in Resources */,
				B58CD90A1B9F38E700AE9D90 /* Images.xcassets in Resources */,
			);
			runOnlyForDeploymentPostprocessing = 0;
		};
		B58CD9101B9F38E700AE9D90 /* Resources */ = {
			isa = PBXResourcesBuildPhase;
			buildActionMask = 2147483647;
			files = (
				B58CD9291B9F42C900AE9D90 /* PinkFluffyUnicornsMusic.mp3 in Resources */,
				B58CD9221B9F3B9E00AE9D90 /* Main.storyboard in Resources */,
			);
			runOnlyForDeploymentPostprocessing = 0;
		};
/* End PBXResourcesBuildPhase section */

/* Begin PBXSourcesBuildPhase section */
		B58CD8F91B9F38E700AE9D90 /* Sources */ = {
			isa = PBXSourcesBuildPhase;
			buildActionMask = 2147483647;
			files = (
				B58CD9251B9F3F4700AE9D90 /* MusicViewController.swift in Sources */,
				B58CD9051B9F38E700AE9D90 /* MainViewController.swift in Sources */,
				B58CD9031B9F38E700AE9D90 /* AppDelegate.swift in Sources */,
			);
			runOnlyForDeploymentPostprocessing = 0;
		};
		B58CD90E1B9F38E700AE9D90 /* Sources */ = {
			isa = PBXSourcesBuildPhase;
			buildActionMask = 2147483647;
			files = (
				B58CD9261B9F3F4700AE9D90 /* MusicViewController.swift in Sources */,
				B58CD9191B9F38E700AE9D90 /* FirstAppTests.swift in Sources */,
				B58CD9231B9F3BA200AE9D90 /* MainViewController.swift in Sources */,
			);
			runOnlyForDeploymentPostprocessing = 0;
		};
/* End PBXSourcesBuildPhase section */

/* Begin PBXTargetDependency section */
		B58CD9141B9F38E700AE9D90 /* PBXTargetDependency */ = {
			isa = PBXTargetDependency;
			target = B58CD8FC1B9F38E700AE9D90 /* FirstApp */;
			targetProxy = B58CD9131B9F38E700AE9D90 /* PBXContainerItemProxy */;
		};
/* End PBXTargetDependency section */

/* Begin PBXVariantGroup section */
		B58CD9061B9F38E700AE9D90 /* Main.storyboard */ = {
			isa = PBXVariantGroup;
			children = (
				B58CD9071B9F38E700AE9D90 /* Base */,
			);
			name = Main.storyboard;
			sourceTree = "<group>";
		};
		B58CD90B1B9F38E700AE9D90 /* LaunchScreen.xib */ = {
			isa = PBXVariantGroup;
			children = (
				B58CD90C1B9F38E700AE9D90 /* Base */,
			);
			name = LaunchScreen.xib;
			sourceTree = "<group>";
		};
/* End PBXVariantGroup section */

/* Begin XCBuildConfiguration section */
		B58CD91A1B9F38E700AE9D90 /* Debug */ = {
			isa = XCBuildConfiguration;
			buildSettings = {
				ALWAYS_SEARCH_USER_PATHS = NO;
				CLANG_CXX_LANGUAGE_STANDARD = "gnu++0x";
				CLANG_CXX_LIBRARY = "libc++";
				CLANG_ENABLE_MODULES = YES;
				CLANG_ENABLE_OBJC_ARC = YES;
				CLANG_WARN_BOOL_CONVERSION = YES;
				CLANG_WARN_CONSTANT_CONVERSION = YES;
				CLANG_WARN_DIRECT_OBJC_ISA_USAGE = YES_ERROR;
				CLANG_WARN_EMPTY_BODY = YES;
				CLANG_WARN_ENUM_CONVERSION = YES;
				CLANG_WARN_INT_CONVERSION = YES;
				CLANG_WARN_OBJC_ROOT_CLASS = YES_ERROR;
				CLANG_WARN_UNREACHABLE_CODE = YES;
				CLANG_WARN__DUPLICATE_METHOD_MATCH = YES;
				"CODE_SIGN_IDENTITY[sdk=iphoneos*]" = "iPhone Developer";
				COPY_PHASE_STRIP = NO;
				DEBUG_INFORMATION_FORMAT = "dwarf-with-dsym";
				ENABLE_STRICT_OBJC_MSGSEND = YES;
				GCC_C_LANGUAGE_STANDARD = gnu99;
				GCC_DYNAMIC_NO_PIC = NO;
				GCC_NO_COMMON_BLOCKS = YES;
				GCC_OPTIMIZATION_LEVEL = 0;
				GCC_PREPROCESSOR_DEFINITIONS = (
					"DEBUG=1",
					"$(inherited)",
				);
				GCC_SYMBOLS_PRIVATE_EXTERN = NO;
				GCC_WARN_64_TO_32_BIT_CONVERSION = YES;
				GCC_WARN_ABOUT_RETURN_TYPE = YES_ERROR;
				GCC_WARN_UNDECLARED_SELECTOR = YES;
				GCC_WARN_UNINITIALIZED_AUTOS = YES_AGGRESSIVE;
				GCC_WARN_UNUSED_FUNCTION = YES;
				GCC_WARN_UNUSED_VARIABLE = YES;
				IPHONEOS_DEPLOYMENT_TARGET = 8.4;
				MTL_ENABLE_DEBUG_INFO = YES;
				ONLY_ACTIVE_ARCH = YES;
				SDKROOT = iphoneos;
				SWIFT_OPTIMIZATION_LEVEL = "-Onone";
				TARGETED_DEVICE_FAMILY = "1,2";
			};
			name = Debug;
		};
		B58CD91B1B9F38E700AE9D90 /* Release */ = {
			isa = XCBuildConfiguration;
			buildSettings = {
				ALWAYS_SEARCH_USER_PATHS = NO;
				CLANG_CXX_LANGUAGE_STANDARD = "gnu++0x";
				CLANG_CXX_LIBRARY = "libc++";
				CLANG_ENABLE_MODULES = YES;
				CLANG_ENABLE_OBJC_ARC = YES;
				CLANG_WARN_BOOL_CONVERSION = YES;
				CLANG_WARN_CONSTANT_CONVERSION = YES;
				CLANG_WARN_DIRECT_OBJC_ISA_USAGE = YES_ERROR;
				CLANG_WARN_EMPTY_BODY = YES;
				CLANG_WARN_ENUM_CONVERSION = YES;
				CLANG_WARN_INT_CONVERSION = YES;
				CLANG_WARN_OBJC_ROOT_CLASS = YES_ERROR;
				CLANG_WARN_UNREACHABLE_CODE = YES;
				CLANG_WARN__DUPLICATE_METHOD_MATCH = YES;
				"CODE_SIGN_IDENTITY[sdk=iphoneos*]" = "iPhone Developer";
				COPY_PHASE_STRIP = NO;
				DEBUG_INFORMATION_FORMAT = "dwarf-with-dsym";
				ENABLE_NS_ASSERTIONS = NO;
				ENABLE_STRICT_OBJC_MSGSEND = YES;
				GCC_C_LANGUAGE_STANDARD = gnu99;
				GCC_NO_COMMON_BLOCKS = YES;
				GCC_WARN_64_TO_32_BIT_CONVERSION = YES;
				GCC_WARN_ABOUT_RETURN_TYPE = YES_ERROR;
				GCC_WARN_UNDECLARED_SELECTOR = YES;
				GCC_WARN_UNINITIALIZED_AUTOS = YES_AGGRESSIVE;
				GCC_WARN_UNUSED_FUNCTION = YES;
				GCC_WARN_UNUSED_VARIABLE = YES;
				IPHONEOS_DEPLOYMENT_TARGET = 8.4;
				MTL_ENABLE_DEBUG_INFO = NO;
				SDKROOT = iphoneos;
				TARGETED_DEVICE_FAMILY = "1,2";
				VALIDATE_PRODUCT = YES;
			};
			name = Release;
		};
		B58CD91D1B9F38E700AE9D90 /* Debug */ = {
			isa = XCBuildConfiguration;
			buildSettings = {
				ASSETCATALOG_COMPILER_APPICON_NAME = AppIcon;
				INFOPLIST_FILE = FirstApp/Info.plist;
				LD_RUNPATH_SEARCH_PATHS = "$(inherited) @executable_path/Frameworks";
				PRODUCT_NAME = "$(TARGET_NAME)";
			};
			name = Debug;
		};
		B58CD91E1B9F38E700AE9D90 /* Release */ = {
			isa = XCBuildConfiguration;
			buildSettings = {
				ASSETCATALOG_COMPILER_APPICON_NAME = AppIcon;
				INFOPLIST_FILE = FirstApp/Info.plist;
				LD_RUNPATH_SEARCH_PATHS = "$(inherited) @executable_path/Frameworks";
				PRODUCT_NAME = "$(TARGET_NAME)";
			};
			name = Release;
		};
		B58CD9201B9F38E700AE9D90 /* Debug */ = {
			isa = XCBuildConfiguration;
			buildSettings = {
				BUNDLE_LOADER = "$(TEST_HOST)";
				FRAMEWORK_SEARCH_PATHS = (
					"$(SDKROOT)/Developer/Library/Frameworks",
					"$(inherited)",
				);
				GCC_PREPROCESSOR_DEFINITIONS = (
					"DEBUG=1",
					"$(inherited)",
				);
				INFOPLIST_FILE = FirstAppTests/Info.plist;
				LD_RUNPATH_SEARCH_PATHS = "$(inherited) @executable_path/Frameworks @loader_path/Frameworks";
				PRODUCT_NAME = "$(TARGET_NAME)";
				TEST_HOST = "$(BUILT_PRODUCTS_DIR)/FirstApp.app/FirstApp";
			};
			name = Debug;
		};
		B58CD9211B9F38E700AE9D90 /* Release */ = {
			isa = XCBuildConfiguration;
			buildSettings = {
				BUNDLE_LOADER = "$(TEST_HOST)";
				FRAMEWORK_SEARCH_PATHS = (
					"$(SDKROOT)/Developer/Library/Frameworks",
					"$(inherited)",
				);
				INFOPLIST_FILE = FirstAppTests/Info.plist;
				LD_RUNPATH_SEARCH_PATHS = "$(inherited) @executable_path/Frameworks @loader_path/Frameworks";
				PRODUCT_NAME = "$(TARGET_NAME)";
				TEST_HOST = "$(BUILT_PRODUCTS_DIR)/FirstApp.app/FirstApp";
			};
			name = Release;
		};
/* End XCBuildConfiguration section */

/* Begin XCConfigurationList section */
		B58CD8F81B9F38E700AE9D90 /* Build configuration list for PBXProject "FirstApp" */ = {
			isa = XCConfigurationList;
			buildConfigurations = (
				B58CD91A1B9F38E700AE9D90 /* Debug */,
				B58CD91B1B9F38E700AE9D90 /* Release */,
			);
			defaultConfigurationIsVisible = 0;
			defaultConfigurationName = Release;
		};
		B58CD91C1B9F38E700AE9D90 /* Build configuration list for PBXNativeTarget "FirstApp" */ = {
			isa = XCConfigurationList;
			buildConfigurations = (
				B58CD91D1B9F38E700AE9D90 /* Debug */,
				B58CD91E1B9F38E700AE9D90 /* Release */,
			);
			defaultConfigurationIsVisible = 0;
			defaultConfigurationName = Release;
		};
		B58CD91F1B9F38E700AE9D90 /* Build configuration list for PBXNativeTarget "FirstAppTests" */ = {
			isa = XCConfigurationList;
			buildConfigurations = (
				B58CD9201B9F38E700AE9D90 /* Debug */,
				B58CD9211B9F38E700AE9D90 /* Release */,
			);
			defaultConfigurationIsVisible = 0;
			defaultConfigurationName = Release;
		};
/* End XCConfigurationList section */
	};
	rootObject = B58CD8F51B9F38E700AE9D90 /* Project object */;
}
